
Microsoft Visual Studio Solution File, Format Version 12.00
# Visual Studio Version 17
VisualStudioVersion = 17.10.35013.160
MinimumVisualStudioVersion = 10.0.40219.1
Project("{FAE04EC0-301F-11D3-BF4B-00C04F79EFBC}") = "Blog_Site", "Blog_Site\Blog_Site.csproj", "{3A88E930-FE7C-474B-A43F-92C46F5C474F}"
EndProject
Global
	GlobalSection(SolutionConfigurationPlatforms) = preSolution
		Debug|Any CPU = Debug|Any CPU
		Release|Any CPU = Release|Any CPU
	EndGlobalSection
	GlobalSection(ProjectConfigurationPlatforms) = postSolution
		{3A88E930-FE7C-474B-A43F-92C46F5C474F}.Debug|Any CPU.ActiveCfg = Debug|Any CPU
		{3A88E930-FE7C-474B-A43F-92C46F5C474F}.Debug|Any CPU.Build.0 = Debug|Any CPU
		{3A88E930-FE7C-474B-A43F-92C46F5C474F}.Release|Any CPU.ActiveCfg = Release|Any CPU
		{3A88E930-FE7C-474B-A43F-92C46F5C474F}.Release|Any CPU.Build.0 = Release|Any CPU
	EndGlobalSection
	GlobalSection(SolutionProperties) = preSolution
		HideSolutionNode = FALSE
	EndGlobalSection
	GlobalSection(ExtensibilityGlobals) = postSolution
		SolutionGuid = {675300D4-AFC4-4884-B98B-546FE9BEA093}
	EndGlobalSection
EndGlobal
