
Microsoft Visual Studio Solution File, Format Version 12.00
# Visual Studio Version 17
VisualStudioVersion = 17.10.35013.160
MinimumVisualStudioVersion = 10.0.40219.1
Project("{FAE04EC0-301F-11D3-BF4B-00C04F79EFBC}") = "EventManagement", "EventManagement\EventManagement.csproj", "{47856451-9EC4-46EC-91AF-A9FA36CC321F}"
EndProject
Global
	GlobalSection(SolutionConfigurationPlatforms) = preSolution
		Debug|Any CPU = Debug|Any CPU
		Release|Any CPU = Release|Any CPU
	EndGlobalSection
	GlobalSection(ProjectConfigurationPlatforms) = postSolution
		{47856451-9EC4-46EC-91AF-A9FA36CC321F}.Debug|Any CPU.ActiveCfg = Debug|Any CPU
		{47856451-9EC4-46EC-91AF-A9FA36CC321F}.Debug|Any CPU.Build.0 = Debug|Any CPU
		{47856451-9EC4-46EC-91AF-A9FA36CC321F}.Release|Any CPU.ActiveCfg = Release|Any CPU
		{47856451-9EC4-46EC-91AF-A9FA36CC321F}.Release|Any CPU.Build.0 = Release|Any CPU
	EndGlobalSection
	GlobalSection(SolutionProperties) = preSolution
		HideSolutionNode = FALSE
	EndGlobalSection
	GlobalSection(ExtensibilityGlobals) = postSolution
		SolutionGuid = {033ACCCC-AF81-4E61-BB2B-AB67B9F37AC1}
	EndGlobalSection
EndGlobal
