
Microsoft Visual Studio Solution File, Format Version 12.00
# Visual Studio Version 17
VisualStudioVersion = 17.10.34928.147
MinimumVisualStudioVersion = 10.0.40219.1
Project("{FAE04EC0-301F-11D3-BF4B-00C04F79EFBC}") = "firstWebsite", "firstWebsite\firstWebsite.csproj", "{5AE7F750-59F7-4B62-A589-C97765FB2E76}"
EndProject
Global
	GlobalSection(SolutionConfigurationPlatforms) = preSolution
		Debug|Any CPU = Debug|Any CPU
		Release|Any CPU = Release|Any CPU
	EndGlobalSection
	GlobalSection(ProjectConfigurationPlatforms) = postSolution
		{5AE7F750-59F7-4B62-A589-C97765FB2E76}.Debug|Any CPU.ActiveCfg = Debug|Any CPU
		{5AE7F750-59F7-4B62-A589-C97765FB2E76}.Debug|Any CPU.Build.0 = Debug|Any CPU
		{5AE7F750-59F7-4B62-A589-C97765FB2E76}.Release|Any CPU.ActiveCfg = Release|Any CPU
		{5AE7F750-59F7-4B62-A589-C97765FB2E76}.Release|Any CPU.Build.0 = Release|Any CPU
	EndGlobalSection
	GlobalSection(SolutionProperties) = preSolution
		HideSolutionNode = FALSE
	EndGlobalSection
	GlobalSection(ExtensibilityGlobals) = postSolution
		SolutionGuid = {D0FE49F3-1CA1-4722-AD28-D109B8EE8087}
	EndGlobalSection
EndGlobal
